
Microsoft Visual Studio Solution File, Format Version 12.00
# Visual Studio Version 16
VisualStudioVersion = 16.0.29102.190
MinimumVisualStudioVersion = 10.0.40219.1
Project("{2150E333-8FDC-42A3-9474-1A3956D46DE8}") = "Presentation", "Presentation", "{E8D1F56C-E2F3-4AE8-AE05-3371F33DDE79}"
EndProject
Project("{2150E333-8FDC-42A3-9474-1A3956D46DE8}") = "Libraries", "Libraries", "{84B30157-AB83-4B99-A30A-B67A91ED59E7}"
EndProject
Project("{FAE04EC0-301F-11D3-BF4B-00C04F79EFBC}") = "Core.Base", "src\Libraries\Core.Base\Core.Base.csproj", "{76DBB391-38AF-4AAD-8AFB-A473B1B2D387}"
EndProject
Project("{FAE04EC0-301F-11D3-BF4B-00C04F79EFBC}") = "Core.Db", "src\Libraries\Core.Db\Core.Db.csproj", "{D64FAE77-F7C2-4C62-9625-01140BABD6EF}"
EndProject
Project("{FAE04EC0-301F-11D3-BF4B-00C04F79EFBC}") = "Data.Repository", "src\Libraries\Data.Repository\Data.Repository.csproj", "{0D6619EA-9930-4F05-ACDC-3839542193C9}"
EndProject
Project("{FAE04EC0-301F-11D3-BF4B-00C04F79EFBC}") = "Data.Service", "src\Libraries\Data.Service\Data.Service.csproj", "{31516B1A-19AD-4B96-9416-57F5D9017980}"
EndProject
Project("{FAE04EC0-301F-11D3-BF4B-00C04F79EFBC}") = "Hrms", "src\Presentation\Hrms\Hrms.csproj", "{FB255137-24A5-4C5A-95C8-F48CB2D82F48}"
EndProject
Global
	GlobalSection(SolutionConfigurationPlatforms) = preSolution
		Debug|Any CPU = Debug|Any CPU
		Release|Any CPU = Release|Any CPU
	EndGlobalSection
	GlobalSection(ProjectConfigurationPlatforms) = postSolution
		{76DBB391-38AF-4AAD-8AFB-A473B1B2D387}.Debug|Any CPU.ActiveCfg = Debug|Any CPU
		{76DBB391-38AF-4AAD-8AFB-A473B1B2D387}.Debug|Any CPU.Build.0 = Debug|Any CPU
		{76DBB391-38AF-4AAD-8AFB-A473B1B2D387}.Release|Any CPU.ActiveCfg = Release|Any CPU
		{76DBB391-38AF-4AAD-8AFB-A473B1B2D387}.Release|Any CPU.Build.0 = Release|Any CPU
		{D64FAE77-F7C2-4C62-9625-01140BABD6EF}.Debug|Any CPU.ActiveCfg = Debug|Any CPU
		{D64FAE77-F7C2-4C62-9625-01140BABD6EF}.Debug|Any CPU.Build.0 = Debug|Any CPU
		{D64FAE77-F7C2-4C62-9625-01140BABD6EF}.Release|Any CPU.ActiveCfg = Release|Any CPU
		{D64FAE77-F7C2-4C62-9625-01140BABD6EF}.Release|Any CPU.Build.0 = Release|Any CPU
		{0D6619EA-9930-4F05-ACDC-3839542193C9}.Debug|Any CPU.ActiveCfg = Debug|Any CPU
		{0D6619EA-9930-4F05-ACDC-3839542193C9}.Debug|Any CPU.Build.0 = Debug|Any CPU
		{0D6619EA-9930-4F05-ACDC-3839542193C9}.Release|Any CPU.ActiveCfg = Release|Any CPU
		{0D6619EA-9930-4F05-ACDC-3839542193C9}.Release|Any CPU.Build.0 = Release|Any CPU
		{31516B1A-19AD-4B96-9416-57F5D9017980}.Debug|Any CPU.ActiveCfg = Debug|Any CPU
		{31516B1A-19AD-4B96-9416-57F5D9017980}.Debug|Any CPU.Build.0 = Debug|Any CPU
		{31516B1A-19AD-4B96-9416-57F5D9017980}.Release|Any CPU.ActiveCfg = Release|Any CPU
		{31516B1A-19AD-4B96-9416-57F5D9017980}.Release|Any CPU.Build.0 = Release|Any CPU
		{FB255137-24A5-4C5A-95C8-F48CB2D82F48}.Debug|Any CPU.ActiveCfg = Debug|Any CPU
		{FB255137-24A5-4C5A-95C8-F48CB2D82F48}.Debug|Any CPU.Build.0 = Debug|Any CPU
		{FB255137-24A5-4C5A-95C8-F48CB2D82F48}.Release|Any CPU.ActiveCfg = Release|Any CPU
		{FB255137-24A5-4C5A-95C8-F48CB2D82F48}.Release|Any CPU.Build.0 = Release|Any CPU
	EndGlobalSection
	GlobalSection(SolutionProperties) = preSolution
		HideSolutionNode = FALSE
	EndGlobalSection
	GlobalSection(NestedProjects) = preSolution
		{76DBB391-38AF-4AAD-8AFB-A473B1B2D387} = {84B30157-AB83-4B99-A30A-B67A91ED59E7}
		{D64FAE77-F7C2-4C62-9625-01140BABD6EF} = {84B30157-AB83-4B99-A30A-B67A91ED59E7}
		{0D6619EA-9930-4F05-ACDC-3839542193C9} = {84B30157-AB83-4B99-A30A-B67A91ED59E7}
		{31516B1A-19AD-4B96-9416-57F5D9017980} = {84B30157-AB83-4B99-A30A-B67A91ED59E7}
		{FB255137-24A5-4C5A-95C8-F48CB2D82F48} = {E8D1F56C-E2F3-4AE8-AE05-3371F33DDE79}
	EndGlobalSection
	GlobalSection(ExtensibilityGlobals) = postSolution
		SolutionGuid = {39C99114-0231-45B6-80FF-0E848B8A95C8}
	EndGlobalSection
EndGlobal
